<?xml version="1.0" encoding="utf-8"?>
<Project ToolsVersion="4.0" xmlns="http://schemas.microsoft.com/developer/msbuild/2003">
  <ItemGroup>
    <Filter Include="Tests">
      <UniqueIdentifier>{cb2c75c9-748b-4a64-a0df-4e86f4b4fccf}</UniqueIdentifier>
    </Filter>
    <Filter Include="Tests\UnitTests">
      <UniqueIdentifier>{6785c292-670b-4b9c-9d3e-ed581cd98ed3}</UniqueIdentifier>
    </Filter>
    <Filter Include="Tests\TestsOfExternalInterfaces">
      <UniqueIdentifier>{1d49f17d-58cf-4fb5-a46a-aa885dffbba3}</UniqueIdentifier>
    </Filter>
    <Filter Include="Riku" />
    <Filter Include="Riku\Assets" />
    <Filter Include="Riku\FrontendCommunicator" />
    <Filter Include="Riku\FrontendCommunicator\RequestHandlers" />
    <Filter Include="Riku\FrontendCommunicator\Requests" />
    <Filter Include="Riku\FrontendCommunicator\Responses" />
    <Filter Include="Riku\GameObject" />
    <Filter Include="Riku\Hooks" />
    <Filter Include="Riku\Player" />
    <Filter Include="Riku\StateUpdate" />
    <Filter Include="Riku\StateUpdate\Move" />
    <Filter Include="Riku\StateUpdate\MoveDescriptions" />
    <Filter Include="Riku\StateUpdate\MoveFactory" />
    <Filter Include="Riku\StateUpdate\Patch" />
    <Filter Include="Riku\StateUpdate\PatchHandler" />
    <Filter Include="Riku\Tile" />
    <Filter Include="Riku\Tile\TileCost" />
    <Filter Include="Riku\Unit" />
    <Filter Include="Riku\Utils" />
    <Filter Include="Riku\Frontend">
      <UniqueIdentifier>{7a4f8711-010f-4330-873d-18fa512bf513}</UniqueIdentifier>
    </Filter>
  </ItemGroup>
  <ItemGroup>
    <ClCompile Include="..\src\GameLogic\Assets\Asset.cpp">
      <Filter>Riku\Assets</Filter>
    </ClCompile>
    <ClCompile Include="..\src\GameLogic\Assets\AssetData.cpp">
      <Filter>Riku\Assets</Filter>
    </ClCompile>
    <ClCompile Include="..\src\GameLogic\Assets\AssetHandler.cpp">
      <Filter>Riku\Assets</Filter>
    </ClCompile>
    <ClCompile Include="..\src\GameLogic\FrontendCommunicator\Communicator.cpp">
      <Filter>Riku\FrontendCommunicator</Filter>
    </ClCompile>
    <ClCompile Include="..\src\GameLogic\FrontendCommunicator\RequestHandlers\AssetHandlerRequestHandler.cpp">
      <Filter>Riku\FrontendCommunicator\RequestHandlers</Filter>
    </ClCompile>
    <ClCompile Include="..\src\GameLogic\FrontendCommunicator\RequestHandlers\AvailableBuildingsRequestHandler.cpp">
      <Filter>Riku\FrontendCommunicator\RequestHandlers</Filter>
    </ClCompile>
    <ClCompile Include="..\src\GameLogic\FrontendCommunicator\RequestHandlers\MapRequestHandler.cpp">
      <Filter>Riku\FrontendCommunicator\RequestHandlers</Filter>
    </ClCompile>
    <ClCompile Include="..\src\GameLogic\FrontendCommunicator\RequestHandlers\PlayerOnMoveRequestHandler.cpp">
      <Filter>Riku\FrontendCommunicator\RequestHandlers</Filter>
    </ClCompile>
    <ClCompile Include="..\src\GameLogic\FrontendCommunicator\RequestHandlers\PlayerResourcesRequestHandler.cpp">
      <Filter>Riku\FrontendCommunicator\RequestHandlers</Filter>
    </ClCompile>
    <ClCompile Include="..\src\GameLogic\FrontendCommunicator\RequestHandlers\PlayerUnitsRequestHandler.cpp">
      <Filter>Riku\FrontendCommunicator\RequestHandlers</Filter>
    </ClCompile>
    <ClCompile Include="..\src\GameLogic\FrontendCommunicator\RequestHandlers\ShortestPathRequestHandler.cpp">
      <Filter>Riku\FrontendCommunicator\RequestHandlers</Filter>
    </ClCompile>
    <ClCompile Include="..\src\GameLogic\FrontendCommunicator\RequestHandlers\TileObjectGuiRequestHandler.cpp">
      <Filter>Riku\FrontendCommunicator\RequestHandlers</Filter>
    </ClCompile>
    <ClCompile Include="..\src\GameLogic\FrontendCommunicator\Requests\Request.cpp">
      <Filter>Riku\FrontendCommunicator\Requests</Filter>
    </ClCompile>
    <ClCompile Include="..\src\GameLogic\FrontendCommunicator\Responses\MapResponse.cpp">
      <Filter>Riku\FrontendCommunicator\Responses</Filter>
    </ClCompile>
    <ClCompile Include="..\src\GameLogic\FrontendCommunicator\Responses\Response.cpp">
      <Filter>Riku\FrontendCommunicator\Responses</Filter>
    </ClCompile>
    <ClCompile Include="..\src\GameLogic\GameLogic.cpp">
      <Filter>Riku</Filter>
    </ClCompile>
    <ClCompile Include="..\src\GameLogic\GameObject\RequireResources.cpp">
      <Filter>Riku\GameObject</Filter>
    </ClCompile>
    <ClCompile Include="..\src\GameLogic\GameObject\ResourceFactory.cpp">
      <Filter>Riku\GameObject</Filter>
    </ClCompile>
    <ClCompile Include="..\src\GameLogic\GameObject\SimpleTileObject.cpp">
      <Filter>Riku\GameObject</Filter>
    </ClCompile>
    <ClCompile Include="..\src\GameLogic\GameObject\TileObjectDecoratorFactory.cpp">
      <Filter>Riku\GameObject</Filter>
    </ClCompile>
    <ClCompile Include="..\src\GameLogic\GameObject\UseResourceOnBuild.cpp">
      <Filter>Riku\GameObject</Filter>
    </ClCompile>
    <ClCompile Include="..\src\GameLogic\Hooks\GUIDescription.cpp">
      <Filter>Riku\Hooks</Filter>
    </ClCompile>
    <ClCompile Include="..\src\GameLogic\Hooks\LoadedHookable.cpp">
      <Filter>Riku\Hooks</Filter>
    </ClCompile>
    <ClCompile Include="..\src\GameLogic\LogicAssets.cpp">
      <Filter>Riku</Filter>
    </ClCompile>
    <ClCompile Include="..\src\GameLogic\Player\Player.cpp">
      <Filter>Riku\Player</Filter>
    </ClCompile>
    <ClCompile Include="..\src\GameLogic\StateUpdate\Move\BuildTileObject.cpp">
      <Filter>Riku\StateUpdate\Move</Filter>
    </ClCompile>
    <ClCompile Include="..\src\GameLogic\StateUpdate\Move\CombinedMove.cpp">
      <Filter>Riku\StateUpdate\Move</Filter>
    </ClCompile>
    <ClCompile Include="..\src\GameLogic\StateUpdate\Move\CreateUnit.cpp">
      <Filter>Riku\StateUpdate\Move</Filter>
    </ClCompile>
    <ClCompile Include="..\src\GameLogic\StateUpdate\Move\ExtractResources.cpp">
      <Filter>Riku\StateUpdate\Move</Filter>
    </ClCompile>
    <ClCompile Include="..\src\GameLogic\StateUpdate\Move\FinishTurn.cpp">
      <Filter>Riku\StateUpdate\Move</Filter>
    </ClCompile>
    <ClCompile Include="..\src\GameLogic\StateUpdate\Move\TestMove.cpp">
      <Filter>Riku\StateUpdate\Move</Filter>
    </ClCompile>
    <ClCompile Include="..\src\GameLogic\StateUpdate\Move\TranslateUnit.cpp">
      <Filter>Riku\StateUpdate\Move</Filter>
    </ClCompile>
    <ClCompile Include="..\src\GameLogic\StateUpdate\Move\UseResources.cpp">
      <Filter>Riku\StateUpdate\Move</Filter>
    </ClCompile>
    <ClCompile Include="..\src\GameLogic\StateUpdate\MoveFactory\BuildMoveHandler.cpp">
      <Filter>Riku\StateUpdate\MoveFactory</Filter>
    </ClCompile>
    <ClCompile Include="..\src\GameLogic\StateUpdate\MoveFactory\ChoseGuiOptionMoveHandler.cpp">
      <Filter>Riku\StateUpdate\MoveFactory</Filter>
    </ClCompile>
    <ClCompile Include="..\src\GameLogic\StateUpdate\MoveFactory\FinishGameMoveHandler.cpp">
      <Filter>Riku\StateUpdate\MoveFactory</Filter>
    </ClCompile>
    <ClCompile Include="..\src\GameLogic\StateUpdate\MoveFactory\MoveFactory.cpp">
      <Filter>Riku\StateUpdate\MoveFactory</Filter>
    </ClCompile>
    <ClCompile Include="..\src\GameLogic\StateUpdate\MoveFactory\TestMoveHandler.cpp">
      <Filter>Riku\StateUpdate\MoveFactory</Filter>
    </ClCompile>
    <ClCompile Include="..\src\GameLogic\StateUpdate\MoveFactory\TranslateUnitMoveHandler.cpp">
      <Filter>Riku\StateUpdate\MoveFactory</Filter>
    </ClCompile>
    <ClCompile Include="..\src\GameLogic\StateUpdate\PatchHandler\PlayerOnMovePatchHandler.cpp">
      <Filter>Riku\StateUpdate\PatchHandler</Filter>
    </ClCompile>
    <ClCompile Include="..\src\GameLogic\StateUpdate\PatchHandler\PlayerPatchHandler.cpp">
      <Filter>Riku\StateUpdate\PatchHandler</Filter>
    </ClCompile>
    <ClCompile Include="..\src\GameLogic\StateUpdate\PatchHandler\RegisterHookablePatchHandler.cpp">
      <Filter>Riku\StateUpdate\PatchHandler</Filter>
    </ClCompile>
    <ClCompile Include="..\src\GameLogic\StateUpdate\PatchHandler\TilePatchHandler.cpp">
      <Filter>Riku\StateUpdate\PatchHandler</Filter>
    </ClCompile>
    <ClCompile Include="..\src\GameLogic\StateUpdate\PatchHandler\UnitPatchHandler.cpp">
      <Filter>Riku\StateUpdate\PatchHandler</Filter>
    </ClCompile>
    <ClCompile Include="..\src\GameLogic\StateUpdate\StateUpdate.cpp">
      <Filter>Riku\StateUpdate</Filter>
    </ClCompile>
    <ClCompile Include="..\src\GameLogic\Tile\MapGenerator.cpp">
      <Filter>Riku\Tile</Filter>
    </ClCompile>
    <ClCompile Include="..\src\GameLogic\Tile\Tile.cpp">
      <Filter>Riku\Tile</Filter>
    </ClCompile>
    <ClCompile Include="..\src\GameLogic\Tile\TileCost\Area.cpp">
      <Filter>Riku\Tile\TileCost</Filter>
    </ClCompile>
    <ClCompile Include="..\src\GameLogic\Tile\TileCost\Biome.cpp">
      <Filter>Riku\Tile\TileCost</Filter>
    </ClCompile>
    <ClCompile Include="..\src\GameLogic\Tile\TileCost\Ground.cpp">
      <Filter>Riku\Tile\TileCost</Filter>
    </ClCompile>
    <ClCompile Include="..\src\GameLogic\Unit\Hero.cpp">
      <Filter>Riku\Unit</Filter>
    </ClCompile>
    <ClCompile Include="..\src\GameLogic\Unit\Unit.cpp">
      <Filter>Riku\Unit</Filter>
    </ClCompile>
    <ClCompile Include="..\src\GameLogic\Utils\LogicUtils.cpp">
      <Filter>Riku\Utils</Filter>
    </ClCompile>
    <ClCompile Include="$(MSBuildThisFileDirectory)..\..\lib\native\src\gtest\gtest-all.cc" />
    <ClCompile Include="$(MSBuildThisFileDirectory)..\..\lib\native\src\gmock\gmock-all.cc" />
    <ClCompile Include="..\src\Frontend\FrontendState.cpp">
      <Filter>Riku\Frontend</Filter>
    </ClCompile>
    <ClCompile Include="..\src\GameLogic\StateUpdate\Move\CreateUnitAround.cpp">
      <Filter>Riku\StateUpdate\Move</Filter>
    </ClCompile>
    <ClCompile Include="..\src\GameLogic\StateUpdate\Move\Attack.cpp">
      <Filter>Riku</Filter>
    </ClCompile>
    <ClCompile Include="..\src\MiniGame\MoveFactory\AttackMiniMoveHandler.cpp">
      <Filter>Riku</Filter>
    </ClCompile>
    <ClCompile Include="..\src\GameLogic\StateUpdate\MoveFactory\AttackMoveHandler.cpp">
      <Filter>Riku</Filter>
    </ClCompile>
    <ClCompile Include="..\src\MiniGame\StateUpdate\Move\CreateMiniUnit.cpp">
      <Filter>Riku</Filter>
    </ClCompile>
    <ClCompile Include="..\src\GameLogic\StateUpdate\Move\EndMiniGameTurn.cpp">
      <Filter>Riku</Filter>
    </ClCompile>
    <ClCompile Include="..\src\GameLogic\StateUpdate\Move\FinishMiniGame.cpp">
      <Filter>Riku</Filter>
    </ClCompile>
    <ClCompile Include="..\src\MiniGame\StateUpdate\Move\FinishMiniTurn.cpp">
      <Filter>Riku</Filter>
    </ClCompile>
    <ClCompile Include="..\src\MiniGame\MoveFactory\FinishMiniTurnMoveHandler.cpp">
      <Filter>Riku</Filter>
    </ClCompile>
    <ClCompile Include="..\src\GameLogic\FrontendCommunicator\RequestHandlers\IsInMiniGameRequestHandler.cpp">
      <Filter>Riku</Filter>
    </ClCompile>
    <ClCompile Include="..\src\GameLogic\Assets\LogicAssetInitializer.cpp">
      <Filter>Riku</Filter>
    </ClCompile>
    <ClCompile Include="..\src\MiniGame\StateUpdate\Move\MiniAttack.cpp">
      <Filter>Riku</Filter>
    </ClCompile>
    <ClCompile Include="..\src\MiniGame\MiniGame.cpp">
      <Filter>Riku</Filter>
    </ClCompile>
    <ClCompile Include="..\src\MiniGame\MiniGameAssetInitializer.cpp">
      <Filter>Riku</Filter>
    </ClCompile>
    <ClCompile Include="..\src\MiniGame\MiniGameAssets.cpp">
      <Filter>Riku</Filter>
    </ClCompile>
    <ClCompile Include="..\src\MiniGame\MiniGameState.cpp">
      <Filter>Riku</Filter>
    </ClCompile>
    <ClCompile Include="..\src\MiniGame\Utils\MiniGameUtils.cpp">
      <Filter>Riku</Filter>
    </ClCompile>
    <ClCompile Include="..\src\MiniGame\Hooks\MiniLoadedHookable.cpp">
      <Filter>Riku</Filter>
    </ClCompile>
    <ClCompile Include="..\src\MiniGame\Communicator\RequestHandlers\MiniMapRequestHandler.cpp">
      <Filter>Riku</Filter>
    </ClCompile>
    <ClCompile Include="..\src\MiniGame\MoveFactory\MiniMoveFactory.cpp">
      <Filter>Riku</Filter>
    </ClCompile>
    <ClCompile Include="..\src\MiniGame\Communicator\RequestHandlers\MiniPlayerUnitsRequestHandler.cpp">
      <Filter>Riku</Filter>
    </ClCompile>
    <ClCompile Include="..\src\MiniGame\StateUpdate\Move\MiniResign.cpp">
      <Filter>Riku</Filter>
    </ClCompile>
    <ClCompile Include="..\src\MiniGame\Communicator\RequestHandlers\MiniShortestPathRequestHandler.cpp">
      <Filter>Riku</Filter>
    </ClCompile>
    <ClCompile Include="..\src\MiniGame\StateUpdate\MiniStateUpdate.cpp">
      <Filter>Riku</Filter>
    </ClCompile>
    <ClCompile Include="..\src\MiniGame\Tile\MiniTile.cpp">
      <Filter>Riku</Filter>
    </ClCompile>
    <ClCompile Include="..\src\MiniGame\Unit\MiniUnit.cpp">
      <Filter>Riku</Filter>
    </ClCompile>
    <ClCompile Include="..\src\MiniGame\Communicator\RequestHandlers\PlayerOnMoveMiniRequestHandler.cpp">
      <Filter>Riku</Filter>
    </ClCompile>
    <ClCompile Include="..\src\MiniGame\MoveFactory\ResignMiniMoveHandler.cpp">
      <Filter>Riku</Filter>
    </ClCompile>
    <ClCompile Include="..\src\GameLogic\Utils\ShortestPathEvaluator.cpp">
      <Filter>Riku</Filter>
    </ClCompile>
    <ClCompile Include="..\lib\hash-library\sha256.cpp">
      <Filter>Riku</Filter>
    </ClCompile>
    <ClCompile Include="..\src\MiniGame\StateUpdate\Move\TranslateMiniUnit.cpp">
      <Filter>Riku</Filter>
    </ClCompile>
    <ClCompile Include="..\src\MiniGame\MoveFactory\TranslateMiniUnitMoveHandler.cpp">
      <Filter>Riku</Filter>
    </ClCompile>
    <ClCompile Include="Tests.cpp">
      <Filter>Tests</Filter>
    </ClCompile>
  </ItemGroup>
  <ItemGroup>
    <ClInclude Include="..\src\GameLogic\Assets\Asset.h">
      <Filter>Riku\Assets</Filter>
    </ClInclude>
    <ClInclude Include="..\src\GameLogic\Assets\AssetData.h">
      <Filter>Riku\Assets</Filter>
    </ClInclude>
    <ClInclude Include="..\src\GameLogic\Assets\AssetHandler.h">
      <Filter>Riku\Assets</Filter>
    </ClInclude>
    <ClInclude Include="..\src\GameLogic\Assets\AssetUtils.h">
      <Filter>Riku\Assets</Filter>
    </ClInclude>
    <ClInclude Include="..\src\GameLogic\FrontendCommunicator\Communicator.h">
      <Filter>Riku\FrontendCommunicator</Filter>
    </ClInclude>
    <ClInclude Include="..\src\GameLogic\FrontendCommunicator\RequestHandlers\AssetHandlerRequestHandler.h">
      <Filter>Riku\FrontendCommunicator\RequestHandlers</Filter>
    </ClInclude>
    <ClInclude Include="..\src\GameLogic\FrontendCommunicator\RequestHandlers\AvailableBuildingsRequestHandler.h">
      <Filter>Riku\FrontendCommunicator\RequestHandlers</Filter>
    </ClInclude>
    <ClInclude Include="..\src\GameLogic\FrontendCommunicator\RequestHandlers\IRequestHandler.h">
      <Filter>Riku\FrontendCommunicator\RequestHandlers</Filter>
    </ClInclude>
    <ClInclude Include="..\src\GameLogic\FrontendCommunicator\RequestHandlers\MapRequestHandler.h">
      <Filter>Riku\FrontendCommunicator\RequestHandlers</Filter>
    </ClInclude>
    <ClInclude Include="..\src\GameLogic\FrontendCommunicator\RequestHandlers\PlayerOnMoveRequestHandler.h">
      <Filter>Riku\FrontendCommunicator\RequestHandlers</Filter>
    </ClInclude>
    <ClInclude Include="..\src\GameLogic\FrontendCommunicator\RequestHandlers\PlayerResourcesRequestHandler.h">
      <Filter>Riku\FrontendCommunicator\RequestHandlers</Filter>
    </ClInclude>
    <ClInclude Include="..\src\GameLogic\FrontendCommunicator\RequestHandlers\PlayerUnitsRequestHandler.h">
      <Filter>Riku\FrontendCommunicator\RequestHandlers</Filter>
    </ClInclude>
    <ClInclude Include="..\src\GameLogic\FrontendCommunicator\RequestHandlers\ShortestPathRequestHandler.h">
      <Filter>Riku\FrontendCommunicator\RequestHandlers</Filter>
    </ClInclude>
    <ClInclude Include="..\src\GameLogic\FrontendCommunicator\RequestHandlers\TileObjectGuiRequestHandler.h">
      <Filter>Riku\FrontendCommunicator\RequestHandlers</Filter>
    </ClInclude>
    <ClInclude Include="..\src\GameLogic\FrontendCommunicator\Requests\Request.h">
      <Filter>Riku\FrontendCommunicator\Requests</Filter>
    </ClInclude>
    <ClInclude Include="..\src\GameLogic\FrontendCommunicator\Requests\TilePairRequest.h">
      <Filter>Riku\FrontendCommunicator\Requests</Filter>
    </ClInclude>
    <ClInclude Include="..\src\GameLogic\FrontendCommunicator\Requests\TileRequest.h">
      <Filter>Riku\FrontendCommunicator\Requests</Filter>
    </ClInclude>
    <ClInclude Include="..\src\GameLogic\FrontendCommunicator\Responses\AssetHandlerResponse.h">
      <Filter>Riku\FrontendCommunicator\Responses</Filter>
    </ClInclude>
    <ClInclude Include="..\src\GameLogic\FrontendCommunicator\Responses\IntResponse.h">
      <Filter>Riku\FrontendCommunicator\Responses</Filter>
    </ClInclude>
    <ClInclude Include="..\src\GameLogic\FrontendCommunicator\Responses\MapResponse.h">
      <Filter>Riku\FrontendCommunicator\Responses</Filter>
    </ClInclude>
    <ClInclude Include="..\src\GameLogic\FrontendCommunicator\Responses\PathResponse.h">
      <Filter>Riku\FrontendCommunicator\Responses</Filter>
    </ClInclude>
    <ClInclude Include="..\src\GameLogic\FrontendCommunicator\Responses\Response.h">
      <Filter>Riku\FrontendCommunicator\Responses</Filter>
    </ClInclude>
    <ClInclude Include="..\src\GameLogic\FrontendCommunicator\Responses\StringIntMapResponse.h">
      <Filter>Riku\FrontendCommunicator\Responses</Filter>
    </ClInclude>
    <ClInclude Include="..\src\GameLogic\FrontendCommunicator\Responses\StringListResponse.h">
      <Filter>Riku\FrontendCommunicator\Responses</Filter>
    </ClInclude>
    <ClInclude Include="..\src\GameLogic\FrontendCommunicator\Responses\UnitListResponse.h">
      <Filter>Riku\FrontendCommunicator\Responses</Filter>
    </ClInclude>
    <ClInclude Include="..\src\GameLogic\GameLogic.h">
      <Filter>Riku</Filter>
    </ClInclude>
    <ClInclude Include="..\src\GameLogic\GameObject\ITileObject.h">
      <Filter>Riku\GameObject</Filter>
    </ClInclude>
    <ClInclude Include="..\src\GameLogic\GameObject\RequireResources.h">
      <Filter>Riku\GameObject</Filter>
    </ClInclude>
    <ClInclude Include="..\src\GameLogic\GameObject\ResourceFactory.h">
      <Filter>Riku\GameObject</Filter>
    </ClInclude>
    <ClInclude Include="..\src\GameLogic\GameObject\SimpleTileObject.h">
      <Filter>Riku\GameObject</Filter>
    </ClInclude>
    <ClInclude Include="..\src\GameLogic\GameObject\TileObjectDecorator.h">
      <Filter>Riku\GameObject</Filter>
    </ClInclude>
    <ClInclude Include="..\src\GameLogic\GameObject\TileObjectDecoratorFactory.h">
      <Filter>Riku\GameObject</Filter>
    </ClInclude>
    <ClInclude Include="..\src\GameLogic\GameObject\UseResourceOnBuild.h">
      <Filter>Riku\GameObject</Filter>
    </ClInclude>
    <ClInclude Include="..\src\GameLogic\GameState.h">
      <Filter>Riku</Filter>
    </ClInclude>
    <ClInclude Include="..\src\GameLogic\Hooks\GUIDescription.h">
      <Filter>Riku\Hooks</Filter>
    </ClInclude>
    <ClInclude Include="..\src\GameLogic\Hooks\IHookable.h">
      <Filter>Riku\Hooks</Filter>
    </ClInclude>
    <ClInclude Include="..\src\GameLogic\Hooks\LoadedHookable.h">
      <Filter>Riku\Hooks</Filter>
    </ClInclude>
    <ClInclude Include="..\src\GameLogic\Hooks\MoveWrapper.h">
      <Filter>Riku\Hooks</Filter>
    </ClInclude>
    <ClInclude Include="..\src\GameLogic\IAsset.h">
      <Filter>Riku</Filter>
    </ClInclude>
    <ClInclude Include="..\src\GameLogic\LogicAssets.h">
      <Filter>Riku</Filter>
    </ClInclude>
    <ClInclude Include="..\src\GameLogic\Player\Player.h">
      <Filter>Riku\Player</Filter>
    </ClInclude>
    <ClInclude Include="..\src\GameLogic\Resource.h">
      <Filter>Riku</Filter>
    </ClInclude>
    <ClInclude Include="..\src\GameLogic\StateUpdate\Move\BuildTileObject.h">
      <Filter>Riku\StateUpdate\Move</Filter>
    </ClInclude>
    <ClInclude Include="..\src\GameLogic\StateUpdate\Move\CombinedMove.h">
      <Filter>Riku\StateUpdate\Move</Filter>
    </ClInclude>
    <ClInclude Include="..\src\GameLogic\StateUpdate\Move\CreateUnit.h">
      <Filter>Riku\StateUpdate\Move</Filter>
    </ClInclude>
    <ClInclude Include="..\src\GameLogic\StateUpdate\Move\ExtractResources.h">
      <Filter>Riku\StateUpdate\Move</Filter>
    </ClInclude>
    <ClInclude Include="..\src\GameLogic\StateUpdate\Move\FinishTurn.h">
      <Filter>Riku\StateUpdate\Move</Filter>
    </ClInclude>
    <ClInclude Include="..\src\GameLogic\StateUpdate\Move\IMove.h">
      <Filter>Riku\StateUpdate\Move</Filter>
    </ClInclude>
    <ClInclude Include="..\src\GameLogic\StateUpdate\Move\TestMove.h">
      <Filter>Riku\StateUpdate\Move</Filter>
    </ClInclude>
    <ClInclude Include="..\src\GameLogic\StateUpdate\Move\TranslateUnit.h">
      <Filter>Riku\StateUpdate\Move</Filter>
    </ClInclude>
    <ClInclude Include="..\src\GameLogic\StateUpdate\Move\UseResources.h">
      <Filter>Riku\StateUpdate\Move</Filter>
    </ClInclude>
    <ClInclude Include="..\src\GameLogic\StateUpdate\MoveDescriptions\BuildMoveDescription.h">
      <Filter>Riku\StateUpdate\MoveDescriptions</Filter>
    </ClInclude>
    <ClInclude Include="..\src\GameLogic\StateUpdate\MoveDescriptions\ChoseGuiOptionMoveDescription.h">
      <Filter>Riku\StateUpdate\MoveDescriptions</Filter>
    </ClInclude>
    <ClInclude Include="..\src\GameLogic\StateUpdate\MoveDescriptions\IMoveDescription.h">
      <Filter>Riku\StateUpdate\MoveDescriptions</Filter>
    </ClInclude>
    <ClInclude Include="..\src\GameLogic\StateUpdate\MoveDescriptions\SimpleMoveDescription.h">
      <Filter>Riku\StateUpdate\MoveDescriptions</Filter>
    </ClInclude>
    <ClInclude Include="..\src\GameLogic\StateUpdate\MoveDescriptions\TranslateUnitMoveDescription.h">
      <Filter>Riku\StateUpdate\MoveDescriptions</Filter>
    </ClInclude>
    <ClInclude Include="..\src\GameLogic\StateUpdate\MoveFactory\BuildMoveHandler.h">
      <Filter>Riku\StateUpdate\MoveFactory</Filter>
    </ClInclude>
    <ClInclude Include="..\src\GameLogic\StateUpdate\MoveFactory\ChoseGuiOptionMoveHandler.h">
      <Filter>Riku\StateUpdate\MoveFactory</Filter>
    </ClInclude>
    <ClInclude Include="..\src\GameLogic\StateUpdate\MoveFactory\FinishGameMoveHandler.h">
      <Filter>Riku\StateUpdate\MoveFactory</Filter>
    </ClInclude>
    <ClInclude Include="..\src\GameLogic\StateUpdate\MoveFactory\IMoveDescriptionHandler.h">
      <Filter>Riku\StateUpdate\MoveFactory</Filter>
    </ClInclude>
    <ClInclude Include="..\src\GameLogic\StateUpdate\MoveFactory\MoveFactory.h">
      <Filter>Riku\StateUpdate\MoveFactory</Filter>
    </ClInclude>
    <ClInclude Include="..\src\GameLogic\StateUpdate\MoveFactory\TestMoveHandler.h">
      <Filter>Riku\StateUpdate\MoveFactory</Filter>
    </ClInclude>
    <ClInclude Include="..\src\GameLogic\StateUpdate\MoveFactory\TranslateUnitMoveHandler.h">
      <Filter>Riku\StateUpdate\MoveFactory</Filter>
    </ClInclude>
    <ClInclude Include="..\src\GameLogic\StateUpdate\Patch\Patch.h">
      <Filter>Riku\StateUpdate\Patch</Filter>
    </ClInclude>
    <ClInclude Include="..\src\GameLogic\StateUpdate\Patch\PlayerPatch.h">
      <Filter>Riku\StateUpdate\Patch</Filter>
    </ClInclude>
    <ClInclude Include="..\src\GameLogic\StateUpdate\Patch\RegisterHookablePatch.h">
      <Filter>Riku\StateUpdate\Patch</Filter>
    </ClInclude>
    <ClInclude Include="..\src\GameLogic\StateUpdate\Patch\TilePatch.h">
      <Filter>Riku\StateUpdate\Patch</Filter>
    </ClInclude>
    <ClInclude Include="..\src\GameLogic\StateUpdate\Patch\UnitPatch.h">
      <Filter>Riku\StateUpdate\Patch</Filter>
    </ClInclude>
    <ClInclude Include="..\src\GameLogic\StateUpdate\PatchHandler\IPatchHandler.h">
      <Filter>Riku\StateUpdate\PatchHandler</Filter>
    </ClInclude>
    <ClInclude Include="..\src\GameLogic\StateUpdate\PatchHandler\PlayerOnMovePatchHandler.h">
      <Filter>Riku\StateUpdate\PatchHandler</Filter>
    </ClInclude>
    <ClInclude Include="..\src\GameLogic\StateUpdate\PatchHandler\PlayerPatchHandler.h">
      <Filter>Riku\StateUpdate\PatchHandler</Filter>
    </ClInclude>
    <ClInclude Include="..\src\GameLogic\StateUpdate\PatchHandler\RegisterHookablePatchHandler.h">
      <Filter>Riku\StateUpdate\PatchHandler</Filter>
    </ClInclude>
    <ClInclude Include="..\src\GameLogic\StateUpdate\PatchHandler\TilePatchHandler.h">
      <Filter>Riku\StateUpdate\PatchHandler</Filter>
    </ClInclude>
    <ClInclude Include="..\src\GameLogic\StateUpdate\PatchHandler\UnitPatchHandler.h">
      <Filter>Riku\StateUpdate\PatchHandler</Filter>
    </ClInclude>
    <ClInclude Include="..\src\GameLogic\StateUpdate\StateUpdate.h">
      <Filter>Riku\StateUpdate</Filter>
    </ClInclude>
    <ClInclude Include="..\src\GameLogic\Tile\MapGenerator.h">
      <Filter>Riku\Tile</Filter>
    </ClInclude>
    <ClInclude Include="..\src\GameLogic\Tile\Tile.h">
      <Filter>Riku\Tile</Filter>
    </ClInclude>
    <ClInclude Include="..\src\GameLogic\Tile\TileCost\Area.h">
      <Filter>Riku\Tile\TileCost</Filter>
    </ClInclude>
    <ClInclude Include="..\src\GameLogic\Tile\TileCost\Biome.h">
      <Filter>Riku\Tile\TileCost</Filter>
    </ClInclude>
    <ClInclude Include="..\src\GameLogic\Tile\TileCost\Ground.h">
      <Filter>Riku\Tile\TileCost</Filter>
    </ClInclude>
    <ClInclude Include="..\src\GameLogic\Tile\TileCost\ICostModifier.h">
      <Filter>Riku\Tile\TileCost</Filter>
    </ClInclude>
    <ClInclude Include="..\src\GameLogic\Tile\TileDescription.h">
      <Filter>Riku\Tile</Filter>
    </ClInclude>
    <ClInclude Include="..\src\GameLogic\Unit\Hero.h">
      <Filter>Riku\Unit</Filter>
    </ClInclude>
    <ClInclude Include="..\src\GameLogic\Unit\Unit.h">
      <Filter>Riku\Unit</Filter>
    </ClInclude>
    <ClInclude Include="..\src\GameLogic\Utils\LogicUtils.h">
      <Filter>Riku\Utils</Filter>
    </ClInclude>
    <ClInclude Include="..\src\GameLogic\Utils\Path.h">
      <Filter>Riku\Utils</Filter>
    </ClInclude>
    <ClInclude Include="Mocks.h">
      <Filter>Tests</Filter>
    </ClInclude>
    <ClInclude Include="Utils.h">
      <Filter>Tests</Filter>
    </ClInclude>
    <ClInclude Include="PatchesTests.h">
      <Filter>Tests\UnitTests</Filter>
    </ClInclude>
    <ClInclude Include="PatchHandlerTests.h">
      <Filter>Tests\UnitTests</Filter>
    </ClInclude>
    <ClInclude Include="PlayerTests.h">
      <Filter>Tests\UnitTests</Filter>
    </ClInclude>
    <ClInclude Include="TileTest.h">
      <Filter>Tests\UnitTests</Filter>
    </ClInclude>
    <ClInclude Include="LuaAssetsTests.h">
      <Filter>Tests\UnitTests</Filter>
    </ClInclude>
    <ClInclude Include="LogicAssetTests.h">
      <Filter>Tests\TestsOfExternalInterfaces</Filter>
    </ClInclude>
    <ClInclude Include="FrontendLogicIntegration.h">
      <Filter>Tests\TestsOfExternalInterfaces</Filter>
    </ClInclude>
    <ClInclude Include="..\src\Frontend\FrontendState.h">
      <Filter>Riku\Frontend</Filter>
    </ClInclude>
    <ClInclude Include="..\src\GameLogic\StateUpdate\Move\CreateUnitAround.h">
      <Filter>Riku\StateUpdate\Move</Filter>
    </ClInclude>
    <ClInclude Include="..\src\GameLogic\StateUpdate\Move\Attack.h">
      <Filter>Riku</Filter>
    </ClInclude>
    <ClInclude Include="..\src\MiniGame\MoveFactory\AttackMiniMoveHandler.h">
      <Filter>Riku</Filter>
    </ClInclude>
    <ClInclude Include="..\src\GameLogic\StateUpdate\MoveDescriptions\AttackMoveDescription.h">
      <Filter>Riku</Filter>
    </ClInclude>
    <ClInclude Include="..\src\GameLogic\StateUpdate\MoveFactory\AttackMoveHandler.h">
      <Filter>Riku</Filter>
    </ClInclude>
    <ClInclude Include="..\src\GameLogic\FrontendCommunicator\Responses\BoolResponse.h">
      <Filter>Riku</Filter>
    </ClInclude>
    <ClInclude Include="..\src\MiniGame\StateUpdate\Move\CreateMiniUnit.h">
      <Filter>Riku</Filter>
    </ClInclude>
    <ClInclude Include="..\src\GameLogic\StateUpdate\Move\EndMiniGameTurn.h">
      <Filter>Riku</Filter>
    </ClInclude>
    <ClInclude Include="..\src\GameLogic\StateUpdate\Move\FinishMiniGame.h">
      <Filter>Riku</Filter>
    </ClInclude>
    <ClInclude Include="..\src\MiniGame\StateUpdate\Move\FinishMiniTurn.h">
      <Filter>Riku</Filter>
    </ClInclude>
    <ClInclude Include="..\src\MiniGame\MoveFactory\FinishMiniTurnMoveHandler.h">
      <Filter>Riku</Filter>
    </ClInclude>
    <ClInclude Include="..\src\GameLogic\Assets\IAssetInitializer.h">
      <Filter>Riku</Filter>
    </ClInclude>
    <ClInclude Include="..\src\GameLogic\IMiniGame.h">
      <Filter>Riku</Filter>
    </ClInclude>
    <ClInclude Include="..\src\MiniGame\Hooks\IMiniHookable.h">
      <Filter>Riku</Filter>
    </ClInclude>
    <ClInclude Include="..\src\MiniGame\StateUpdate\Move\IMiniMove.h">
      <Filter>Riku</Filter>
    </ClInclude>
    <ClInclude Include="..\src\MiniGame\MoveFactory\IMiniMoveDescriptionHandler.h">
      <Filter>Riku</Filter>
    </ClInclude>
    <ClInclude Include="..\src\MiniGame\StateUpdate\PatchHandler\IMiniPatchHandler.h">
      <Filter>Riku</Filter>
    </ClInclude>
    <ClInclude Include="..\src\GameLogic\FrontendCommunicator\RequestHandlers\IsInMiniGameRequestHandler.h">
      <Filter>Riku</Filter>
    </ClInclude>
    <ClInclude Include="..\src\MiniGame\StateUpdate\PatchHandler\IsOnMoveMiniPatchHandler.h">
      <Filter>Riku</Filter>
    </ClInclude>
    <ClInclude Include="..\src\GameLogic\Assets\LogicAssetInitializer.h">
      <Filter>Riku</Filter>
    </ClInclude>
    <ClInclude Include="..\src\MiniGame\StateUpdate\Move\MiniAttack.h">
      <Filter>Riku</Filter>
    </ClInclude>
    <ClInclude Include="..\src\MiniGame\MiniGame.h">
      <Filter>Riku</Filter>
    </ClInclude>
    <ClInclude Include="..\src\MiniGame\MiniGameAssetInitializer.h">
      <Filter>Riku</Filter>
    </ClInclude>
    <ClInclude Include="..\src\MiniGame\MiniGameAssets.h">
      <Filter>Riku</Filter>
    </ClInclude>
    <ClInclude Include="..\src\GameLogic\StateUpdate\Patch\MiniGamePatch.h">
      <Filter>Riku</Filter>
    </ClInclude>
    <ClInclude Include="..\src\GameLogic\StateUpdate\PatchHandler\MiniGamePatchHandler.h">
      <Filter>Riku</Filter>
    </ClInclude>
    <ClInclude Include="..\src\MiniGame\Player\MiniGamePlayer.h">
      <Filter>Riku</Filter>
    </ClInclude>
    <ClInclude Include="..\src\MiniGame\MiniGameState.h">
      <Filter>Riku</Filter>
    </ClInclude>
    <ClInclude Include="..\src\MiniGame\Utils\MiniGameUtils.h">
      <Filter>Riku</Filter>
    </ClInclude>
    <ClInclude Include="..\src\MiniGame\Hooks\MiniLoadedHookable.h">
      <Filter>Riku</Filter>
    </ClInclude>
    <ClInclude Include="..\src\MiniGame\Communicator\RequestHandlers\MiniMapRequestHandler.h">
      <Filter>Riku</Filter>
    </ClInclude>
    <ClInclude Include="..\src\MiniGame\Communicator\Responses\MiniMapResponse.h">
      <Filter>Riku</Filter>
    </ClInclude>
    <ClInclude Include="..\src\MiniGame\MoveFactory\MiniMoveFactory.h">
      <Filter>Riku</Filter>
    </ClInclude>
    <ClInclude Include="..\src\MiniGame\Hooks\MiniMoveWrapper.h">
      <Filter>Riku</Filter>
    </ClInclude>
    <ClInclude Include="..\src\MiniGame\StateUpdate\Patch\MiniPatch.h">
      <Filter>Riku</Filter>
    </ClInclude>
    <ClInclude Include="..\src\MiniGame\StateUpdate\Patch\MiniPlayerPatch.h">
      <Filter>Riku</Filter>
    </ClInclude>
    <ClInclude Include="..\src\MiniGame\Communicator\RequestHandlers\MiniPlayerUnitsRequestHandler.h">
      <Filter>Riku</Filter>
    </ClInclude>
    <ClInclude Include="..\src\MiniGame\StateUpdate\Patch\MiniRegisterHookablePatch.h">
      <Filter>Riku</Filter>
    </ClInclude>
    <ClInclude Include="..\src\MiniGame\StateUpdate\Move\MiniResign.h">
      <Filter>Riku</Filter>
    </ClInclude>
    <ClInclude Include="..\src\MiniGame\Communicator\RequestHandlers\MiniShortestPathRequestHandler.h">
      <Filter>Riku</Filter>
    </ClInclude>
    <ClInclude Include="..\src\MiniGame\StateUpdate\MiniStateUpdate.h">
      <Filter>Riku</Filter>
    </ClInclude>
    <ClInclude Include="..\src\MiniGame\Tile\MiniTile.h">
      <Filter>Riku</Filter>
    </ClInclude>
    <ClInclude Include="..\src\MiniGame\StateUpdate\Patch\MiniTilePatch.h">
      <Filter>Riku</Filter>
    </ClInclude>
    <ClInclude Include="..\src\MiniGame\Unit\MiniUnit.h">
      <Filter>Riku</Filter>
    </ClInclude>
    <ClInclude Include="..\src\MiniGame\Communicator\Responses\MiniUnitListResponse.h">
      <Filter>Riku</Filter>
    </ClInclude>
    <ClInclude Include="..\src\MiniGame\StateUpdate\Patch\MiniUnitPatch.h">
      <Filter>Riku</Filter>
    </ClInclude>
    <ClInclude Include="..\src\MiniGame\StateUpdate\PatchHandler\PlayerMiniPatchHandler.h">
      <Filter>Riku</Filter>
    </ClInclude>
    <ClInclude Include="..\src\MiniGame\Communicator\RequestHandlers\PlayerOnMoveMiniRequestHandler.h">
      <Filter>Riku</Filter>
    </ClInclude>
    <ClInclude Include="..\src\GameLogic\Assets\RandomWrapper.h">
      <Filter>Riku</Filter>
    </ClInclude>
    <ClInclude Include="..\src\MiniGame\StateUpdate\PatchHandler\RegisterHookableMiniPatchHandler.h">
      <Filter>Riku</Filter>
    </ClInclude>
    <ClInclude Include="..\src\MiniGame\MoveFactory\ResignMiniMoveHandler.h">
      <Filter>Riku</Filter>
    </ClInclude>
    <ClInclude Include="..\src\GameLogic\Utils\ShortestPathEvaluator.h">
      <Filter>Riku</Filter>
    </ClInclude>
    <ClInclude Include="..\src\MiniGame\StateUpdate\PatchHandler\TileMiniPatchHandler.h">
      <Filter>Riku</Filter>
    </ClInclude>
    <ClInclude Include="..\lib\hash-library\sha256.h">
      <Filter>Riku</Filter>
    </ClInclude>
    <ClInclude Include="..\src\MiniGame\StateUpdate\Move\TranslateMiniUnit.h">
      <Filter>Riku</Filter>
    </ClInclude>
    <ClInclude Include="..\src\MiniGame\MoveFactory\TranslateMiniUnitMoveHandler.h">
      <Filter>Riku</Filter>
    </ClInclude>
    <ClInclude Include="..\src\MiniGame\StateUpdate\PatchHandler\UnitMiniPatchHandler.h">
      <Filter>Riku</Filter>
    </ClInclude>
    <ClInclude Include="..\src\MiniGame\StateUpdate\PatchHandler\WinnerMiniPatchHandler.h">
      <Filter>Riku</Filter>
    </ClInclude>
    <ClInclude Include="FrontendMiniGameIntegration.h">
      <Filter>Tests\TestsOfExternalInterfaces</Filter>
    </ClInclude>
  </ItemGroup>
  <ItemGroup>
    <None Include="packages.config" />
  </ItemGroup>
</Project>